// !$*UTF8*$!
{
	archiveVersion = 1;
	classes = {
	};
	objectVersion = 56;
	objects = {

/* Begin PBXBuildFile section */
		7244D06029A5522F007EEC49 /* RecipesApp.swift in Sources */ = {isa = PBXBuildFile; fileRef = 7244D05F29A5522F007EEC49 /* RecipesApp.swift */; };
		7244D06429A5522F007EEC49 /* Assets.xcassets in Resources */ = {isa = PBXBuildFile; fileRef = 7244D06329A5522F007EEC49 /* Assets.xcassets */; };
		7244D06829A5522F007EEC49 /* Preview Assets.xcassets in Resources */ = {isa = PBXBuildFile; fileRef = 7244D06729A5522F007EEC49 /* Preview Assets.xcassets */; };
		7244D07229A5522F007EEC49 /* RecipesTests.swift in Sources */ = {isa = PBXBuildFile; fileRef = 7244D07129A5522F007EEC49 /* RecipesTests.swift */; };
		7244D07C29A5522F007EEC49 /* RecipesUITests.swift in Sources */ = {isa = PBXBuildFile; fileRef = 7244D07B29A5522F007EEC49 /* RecipesUITests.swift */; };
		7244D07E29A5522F007EEC49 /* RecipesUITestsLaunchTests.swift in Sources */ = {isa = PBXBuildFile; fileRef = 7244D07D29A5522F007EEC49 /* RecipesUITestsLaunchTests.swift */; };
		72E9957929A55794007882C9 /* HomeView.swift in Sources */ = {isa = PBXBuildFile; fileRef = 72E9957829A55794007882C9 /* HomeView.swift */; };
		72E9957B29A557A2007882C9 /* CategoriesView.swift in Sources */ = {isa = PBXBuildFile; fileRef = 72E9957A29A557A2007882C9 /* CategoriesView.swift */; };
		72E9957D29A557AE007882C9 /* NewRecipeView.swift in Sources */ = {isa = PBXBuildFile; fileRef = 72E9957C29A557AE007882C9 /* NewRecipeView.swift */; };
		72E9957F29A557BB007882C9 /* FavoritesView.swift in Sources */ = {isa = PBXBuildFile; fileRef = 72E9957E29A557BB007882C9 /* FavoritesView.swift */; };
		72E9958129A557C9007882C9 /* SettingsView.swift in Sources */ = {isa = PBXBuildFile; fileRef = 72E9958029A557C9007882C9 /* SettingsView.swift */; };
		72E9958329A55C8C007882C9 /* ContentView.swift in Sources */ = {isa = PBXBuildFile; fileRef = 72E9958229A55C8C007882C9 /* ContentView.swift */; };
		72E9958529A55CC8007882C9 /* TabBar.swift in Sources */ = {isa = PBXBuildFile; fileRef = 72E9958429A55CC8007882C9 /* TabBar.swift */; };
/* End PBXBuildFile section */

/* Begin PBXContainerItemProxy section */
		7244D06E29A5522F007EEC49 /* PBXContainerItemProxy */ = {
			isa = PBXContainerItemProxy;
			containerPortal = 7244D05429A5522F007EEC49 /* Project object */;
			proxyType = 1;
			remoteGlobalIDString = 7244D05B29A5522F007EEC49;
			remoteInfo = Recipes;
		};
		7244D07829A5522F007EEC49 /* PBXContainerItemProxy */ = {
			isa = PBXContainerItemProxy;
			containerPortal = 7244D05429A5522F007EEC49 /* Project object */;
			proxyType = 1;
			remoteGlobalIDString = 7244D05B29A5522F007EEC49;
			remoteInfo = Recipes;
		};
/* End PBXContainerItemProxy section */

/* Begin PBXFileReference section */
		7244D05C29A5522F007EEC49 /* Recipes.app */ = {isa = PBXFileReference; explicitFileType = wrapper.application; includeInIndex = 0; path = Recipes.app; sourceTree = BUILT_PRODUCTS_DIR; };
		7244D05F29A5522F007EEC49 /* RecipesApp.swift */ = {isa = PBXFileReference; lastKnownFileType = sourcecode.swift; path = RecipesApp.swift; sourceTree = "<group>"; };
		7244D06329A5522F007EEC49 /* Assets.xcassets */ = {isa = PBXFileReference; lastKnownFileType = folder.assetcatalog; path = Assets.xcassets; sourceTree = "<group>"; };
		7244D06529A5522F007EEC49 /* Recipes.entitlements */ = {isa = PBXFileReference; lastKnownFileType = text.plist.entitlements; path = Recipes.entitlements; sourceTree = "<group>"; };
		7244D06729A5522F007EEC49 /* Preview Assets.xcassets */ = {isa = PBXFileReference; lastKnownFileType = folder.assetcatalog; path = "Preview Assets.xcassets"; sourceTree = "<group>"; };
		7244D06D29A5522F007EEC49 /* RecipesTests.xctest */ = {isa = PBXFileReference; explicitFileType = wrapper.cfbundle; includeInIndex = 0; path = RecipesTests.xctest; sourceTree = BUILT_PRODUCTS_DIR; };
		7244D07129A5522F007EEC49 /* RecipesTests.swift */ = {isa = PBXFileReference; lastKnownFileType = sourcecode.swift; path = RecipesTests.swift; sourceTree = "<group>"; };
		7244D07729A5522F007EEC49 /* RecipesUITests.xctest */ = {isa = PBXFileReference; explicitFileType = wrapper.cfbundle; includeInIndex = 0; path = RecipesUITests.xctest; sourceTree = BUILT_PRODUCTS_DIR; };
		7244D07B29A5522F007EEC49 /* RecipesUITests.swift */ = {isa = PBXFileReference; lastKnownFileType = sourcecode.swift; path = RecipesUITests.swift; sourceTree = "<group>"; };
		7244D07D29A5522F007EEC49 /* RecipesUITestsLaunchTests.swift */ = {isa = PBXFileReference; lastKnownFileType = sourcecode.swift; path = RecipesUITestsLaunchTests.swift; sourceTree = "<group>"; };
		72E9957829A55794007882C9 /* HomeView.swift */ = {isa = PBXFileReference; lastKnownFileType = sourcecode.swift; name = HomeView.swift; path = VViews/HomeView.swift; sourceTree = SOURCE_ROOT; };
		72E9957A29A557A2007882C9 /* CategoriesView.swift */ = {isa = PBXFileReference; lastKnownFileType = sourcecode.swift; name = CategoriesView.swift; path = VViews/CategoriesView.swift; sourceTree = SOURCE_ROOT; };
		72E9957C29A557AE007882C9 /* NewRecipeView.swift */ = {isa = PBXFileReference; lastKnownFileType = sourcecode.swift; name = NewRecipeView.swift; path = VViews/NewRecipeView.swift; sourceTree = SOURCE_ROOT; };
		72E9957E29A557BB007882C9 /* FavoritesView.swift */ = {isa = PBXFileReference; lastKnownFileType = sourcecode.swift; name = FavoritesView.swift; path = VViews/FavoritesView.swift; sourceTree = SOURCE_ROOT; };
		72E9958029A557C9007882C9 /* SettingsView.swift */ = {isa = PBXFileReference; lastKnownFileType = sourcecode.swift; name = SettingsView.swift; path = VViews/SettingsView.swift; sourceTree = SOURCE_ROOT; };
		72E9958229A55C8C007882C9 /* ContentView.swift */ = {isa = PBXFileReference; lastKnownFileType = sourcecode.swift; name = ContentView.swift; path = VViews/ContentView.swift; sourceTree = SOURCE_ROOT; };
		72E9958429A55CC8007882C9 /* TabBar.swift */ = {isa = PBXFileReference; lastKnownFileType = sourcecode.swift; name = TabBar.swift; path = VViews/TabBar.swift; sourceTree = SOURCE_ROOT; };
/* End PBXFileReference section */

/* Begin PBXFrameworksBuildPhase section */
		7244D05929A5522F007EEC49 /* Frameworks */ = {
			isa = PBXFrameworksBuildPhase;
			buildActionMask = 2147483647;
			files = (
			);
			runOnlyForDeploymentPostprocessing = 0;
		};
		7244D06A29A5522F007EEC49 /* Frameworks */ = {
			isa = PBXFrameworksBuildPhase;
			buildActionMask = 2147483647;
			files = (
			);
			runOnlyForDeploymentPostprocessing = 0;
		};
		7244D07429A5522F007EEC49 /* Frameworks */ = {
			isa = PBXFrameworksBuildPhase;
			buildActionMask = 2147483647;
			files = (
			);
			runOnlyForDeploymentPostprocessing = 0;
		};
/* End PBXFrameworksBuildPhase section */

/* Begin PBXGroup section */
		7244D05329A5522F007EEC49 = {
			isa = PBXGroup;
			children = (
				7244D05E29A5522F007EEC49 /* Recipes */,
				7244D07029A5522F007EEC49 /* RecipesTests */,
				7244D07A29A5522F007EEC49 /* RecipesUITests */,
				7244D05D29A5522F007EEC49 /* Products */,
			);
			sourceTree = "<group>";
		};
		7244D05D29A5522F007EEC49 /* Products */ = {
			isa = PBXGroup;
			children = (
				7244D05C29A5522F007EEC49 /* Recipes.app */,
				7244D06D29A5522F007EEC49 /* RecipesTests.xctest */,
				7244D07729A5522F007EEC49 /* RecipesUITests.xctest */,
			);
			name = Products;
			sourceTree = "<group>";
		};
		7244D05E29A5522F007EEC49 /* Recipes */ = {
			isa = PBXGroup;
			children = (
				7244D05F29A5522F007EEC49 /* RecipesApp.swift */,
				7244D08B29A554D0007EEC49 /* VViews */,
				7244D06329A5522F007EEC49 /* Assets.xcassets */,
				7244D06529A5522F007EEC49 /* Recipes.entitlements */,
				7244D06629A5522F007EEC49 /* Preview Content */,
			);
			path = Recipes;
			sourceTree = "<group>";
		};
		7244D06629A5522F007EEC49 /* Preview Content */ = {
			isa = PBXGroup;
			children = (
				7244D06729A5522F007EEC49 /* Preview Assets.xcassets */,
			);
			path = "Preview Content";
			sourceTree = "<group>";
		};
		7244D07029A5522F007EEC49 /* RecipesTests */ = {
			isa = PBXGroup;
			children = (
				7244D07129A5522F007EEC49 /* RecipesTests.swift */,
			);
			path = RecipesTests;
			sourceTree = "<group>";
		};
		7244D07A29A5522F007EEC49 /* RecipesUITests */ = {
			isa = PBXGroup;
			children = (
				7244D07B29A5522F007EEC49 /* RecipesUITests.swift */,
				7244D07D29A5522F007EEC49 /* RecipesUITestsLaunchTests.swift */,
			);
			path = RecipesUITests;
			sourceTree = "<group>";
		};
		7244D08B29A554D0007EEC49 /* VViews */ = {
			isa = PBXGroup;
			children = (
				72E9957829A55794007882C9 /* HomeView.swift */,
				72E9958229A55C8C007882C9 /* ContentView.swift */,
				72E9958429A55CC8007882C9 /* TabBar.swift */,
				72E9957A29A557A2007882C9 /* CategoriesView.swift */,
				72E9957C29A557AE007882C9 /* NewRecipeView.swift */,
				72E9957E29A557BB007882C9 /* FavoritesView.swift */,
				72E9958029A557C9007882C9 /* SettingsView.swift */,
			);
			name = VViews;
			path = MViews/Recipes/VViews;
			sourceTree = "<group>";
		};
/* End PBXGroup section */

/* Begin PBXNativeTarget section */
		7244D05B29A5522F007EEC49 /* Recipes */ = {
			isa = PBXNativeTarget;
			buildConfigurationList = 7244D08129A5522F007EEC49 /* Build configuration list for PBXNativeTarget "Recipes" */;
			buildPhases = (
				7244D05829A5522F007EEC49 /* Sources */,
				7244D05929A5522F007EEC49 /* Frameworks */,
				7244D05A29A5522F007EEC49 /* Resources */,
			);
			buildRules = (
			);
			dependencies = (
			);
			name = Recipes;
			productName = Recipes;
			productReference = 7244D05C29A5522F007EEC49 /* Recipes.app */;
			productType = "com.apple.product-type.application";
		};
		7244D06C29A5522F007EEC49 /* RecipesTests */ = {
			isa = PBXNativeTarget;
			buildConfigurationList = 7244D08429A5522F007EEC49 /* Build configuration list for PBXNativeTarget "RecipesTests" */;
			buildPhases = (
				7244D06929A5522F007EEC49 /* Sources */,
				7244D06A29A5522F007EEC49 /* Frameworks */,
				7244D06B29A5522F007EEC49 /* Resources */,
			);
			buildRules = (
			);
			dependencies = (
				7244D06F29A5522F007EEC49 /* PBXTargetDependency */,
			);
			name = RecipesTests;
			productName = RecipesTests;
			productReference = 7244D06D29A5522F007EEC49 /* RecipesTests.xctest */;
			productType = "com.apple.product-type.bundle.unit-test";
		};
		7244D07629A5522F007EEC49 /* RecipesUITests */ = {
			isa = PBXNativeTarget;
			buildConfigurationList = 7244D08729A5522F007EEC49 /* Build configuration list for PBXNativeTarget "RecipesUITests" */;
			buildPhases = (
				7244D07329A5522F007EEC49 /* Sources */,
				7244D07429A5522F007EEC49 /* Frameworks */,
				7244D07529A5522F007EEC49 /* Resources */,
			);
			buildRules = (
			);
			dependencies = (
				7244D07929A5522F007EEC49 /* PBXTargetDependency */,
			);
			name = RecipesUITests;
			productName = RecipesUITests;
			productReference = 7244D07729A5522F007EEC49 /* RecipesUITests.xctest */;
			productType = "com.apple.product-type.bundle.ui-testing";
		};
/* End PBXNativeTarget section */

/* Begin PBXProject section */
		7244D05429A5522F007EEC49 /* Project object */ = {
			isa = PBXProject;
			attributes = {
				BuildIndependentTargetsInParallel = 1;
				LastSwiftUpdateCheck = 1420;
				LastUpgradeCheck = 1420;
				TargetAttributes = {
					7244D05B29A5522F007EEC49 = {
						CreatedOnToolsVersion = 14.2;
					};
					7244D06C29A5522F007EEC49 = {
						CreatedOnToolsVersion = 14.2;
						TestTargetID = 7244D05B29A5522F007EEC49;
					};
					7244D07629A5522F007EEC49 = {
						CreatedOnToolsVersion = 14.2;
						TestTargetID = 7244D05B29A5522F007EEC49;
					};
				};
			};
			buildConfigurationList = 7244D05729A5522F007EEC49 /* Build configuration list for PBXProject "Recipes" */;
			compatibilityVersion = "Xcode 14.0";
			developmentRegion = en;
			hasScannedForEncodings = 0;
			knownRegions = (
				en,
				Base,
			);
			mainGroup = 7244D05329A5522F007EEC49;
			productRefGroup = 7244D05D29A5522F007EEC49 /* Products */;
			projectDirPath = "";
			projectRoot = "";
			targets = (
				7244D05B29A5522F007EEC49 /* Recipes */,
				7244D06C29A5522F007EEC49 /* RecipesTests */,
				7244D07629A5522F007EEC49 /* RecipesUITests */,
			);
		};
/* End PBXProject section */

/* Begin PBXResourcesBuildPhase section */
		7244D05A29A5522F007EEC49 /* Resources */ = {
			isa = PBXResourcesBuildPhase;
			buildActionMask = 2147483647;
			files = (
				7244D06829A5522F007EEC49 /* Preview Assets.xcassets in Resources */,
				7244D06429A5522F007EEC49 /* Assets.xcassets in Resources */,
			);
			runOnlyForDeploymentPostprocessing = 0;
		};
		7244D06B29A5522F007EEC49 /* Resources */ = {
			isa = PBXResourcesBuildPhase;
			buildActionMask = 2147483647;
			files = (
			);
			runOnlyForDeploymentPostprocessing = 0;
		};
		7244D07529A5522F007EEC49 /* Resources */ = {
			isa = PBXResourcesBuildPhase;
			buildActionMask = 2147483647;
			files = (
			);
			runOnlyForDeploymentPostprocessing = 0;
		};
/* End PBXResourcesBuildPhase section */

/* Begin PBXSourcesBuildPhase section */
		7244D05829A5522F007EEC49 /* Sources */ = {
			isa = PBXSourcesBuildPhase;
			buildActionMask = 2147483647;
			files = (
				72E9958129A557C9007882C9 /* SettingsView.swift in Sources */,
				72E9957B29A557A2007882C9 /* CategoriesView.swift in Sources */,
				72E9958329A55C8C007882C9 /* ContentView.swift in Sources */,
				72E9958529A55CC8007882C9 /* TabBar.swift in Sources */,
				72E9957D29A557AE007882C9 /* NewRecipeView.swift in Sources */,
				72E9957F29A557BB007882C9 /* FavoritesView.swift in Sources */,
				72E9957929A55794007882C9 /* HomeView.swift in Sources */,
				7244D06029A5522F007EEC49 /* RecipesApp.swift in Sources */,
			);
			runOnlyForDeploymentPostprocessing = 0;
		};
		7244D06929A5522F007EEC49 /* Sources */ = {
			isa = PBXSourcesBuildPhase;
			buildActionMask = 2147483647;
			files = (
				7244D07229A5522F007EEC49 /* RecipesTests.swift in Sources */,
			);
			runOnlyForDeploymentPostprocessing = 0;
		};
		7244D07329A5522F007EEC49 /* Sources */ = {
			isa = PBXSourcesBuildPhase;
			buildActionMask = 2147483647;
			files = (
				7244D07E29A5522F007EEC49 /* RecipesUITestsLaunchTests.swift in Sources */,
				7244D07C29A5522F007EEC49 /* RecipesUITests.swift in Sources */,
			);
			runOnlyForDeploymentPostprocessing = 0;
		};
/* End PBXSourcesBuildPhase section */

/* Begin PBXTargetDependency section */
		7244D06F29A5522F007EEC49 /* PBXTargetDependency */ = {
			isa = PBXTargetDependency;
			target = 7244D05B29A5522F007EEC49 /* Recipes */;
			targetProxy = 7244D06E29A5522F007EEC49 /* PBXContainerItemProxy */;
		};
		7244D07929A5522F007EEC49 /* PBXTargetDependency */ = {
			isa = PBXTargetDependency;
			target = 7244D05B29A5522F007EEC49 /* Recipes */;
			targetProxy = 7244D07829A5522F007EEC49 /* PBXContainerItemProxy */;
		};
/* End PBXTargetDependency section */

/* Begin XCBuildConfiguration section */
		7244D07F29A5522F007EEC49 /* Debug */ = {
			isa = XCBuildConfiguration;
			buildSettings = {
				ALWAYS_SEARCH_USER_PATHS = NO;
				CLANG_ANALYZER_NONNULL = YES;
				CLANG_ANALYZER_NUMBER_OBJECT_CONVERSION = YES_AGGRESSIVE;
				CLANG_CXX_LANGUAGE_STANDARD = "gnu++20";
				CLANG_ENABLE_MODULES = YES;
				CLANG_ENABLE_OBJC_ARC = YES;
				CLANG_ENABLE_OBJC_WEAK = YES;
				CLANG_WARN_BLOCK_CAPTURE_AUTORELEASING = YES;
				CLANG_WARN_BOOL_CONVERSION = YES;
				CLANG_WARN_COMMA = YES;
				CLANG_WARN_CONSTANT_CONVERSION = YES;
				CLANG_WARN_DEPRECATED_OBJC_IMPLEMENTATIONS = YES;
				CLANG_WARN_DIRECT_OBJC_ISA_USAGE = YES_ERROR;
				CLANG_WARN_DOCUMENTATION_COMMENTS = YES;
				CLANG_WARN_EMPTY_BODY = YES;
				CLANG_WARN_ENUM_CONVERSION = YES;
				CLANG_WARN_INFINITE_RECURSION = YES;
				CLANG_WARN_INT_CONVERSION = YES;
				CLANG_WARN_NON_LITERAL_NULL_CONVERSION = YES;
				CLANG_WARN_OBJC_IMPLICIT_RETAIN_SELF = YES;
				CLANG_WARN_OBJC_LITERAL_CONVERSION = YES;
				CLANG_WARN_OBJC_ROOT_CLASS = YES_ERROR;
				CLANG_WARN_QUOTED_INCLUDE_IN_FRAMEWORK_HEADER = YES;
				CLANG_WARN_RANGE_LOOP_ANALYSIS = YES;
				CLANG_WARN_STRICT_PROTOTYPES = YES;
				CLANG_WARN_SUSPICIOUS_MOVE = YES;
				CLANG_WARN_UNGUARDED_AVAILABILITY = YES_AGGRESSIVE;
				CLANG_WARN_UNREACHABLE_CODE = YES;
				CLANG_WARN__DUPLICATE_METHOD_MATCH = YES;
				COPY_PHASE_STRIP = NO;
				DEBUG_INFORMATION_FORMAT = dwarf;
				ENABLE_STRICT_OBJC_MSGSEND = YES;
				ENABLE_TESTABILITY = YES;
				GCC_C_LANGUAGE_STANDARD = gnu11;
				GCC_DYNAMIC_NO_PIC = NO;
				GCC_NO_COMMON_BLOCKS = YES;
				GCC_OPTIMIZATION_LEVEL = 0;
				GCC_PREPROCESSOR_DEFINITIONS = (
					"DEBUG=1",
					"$(inherited)",
				);
				GCC_WARN_64_TO_32_BIT_CONVERSION = YES;
				GCC_WARN_ABOUT_RETURN_TYPE = YES_ERROR;
				GCC_WARN_UNDECLARED_SELECTOR = YES;
				GCC_WARN_UNINITIALIZED_AUTOS = YES_AGGRESSIVE;
				GCC_WARN_UNUSED_FUNCTION = YES;
				GCC_WARN_UNUSED_VARIABLE = YES;
				MTL_ENABLE_DEBUG_INFO = INCLUDE_SOURCE;
				MTL_FAST_MATH = YES;
				ONLY_ACTIVE_ARCH = YES;
				SWIFT_ACTIVE_COMPILATION_CONDITIONS = DEBUG;
				SWIFT_OPTIMIZATION_LEVEL = "-Onone";
			};
			name = Debug;
		};
		7244D08029A5522F007EEC49 /* Release */ = {
			isa = XCBuildConfiguration;
			buildSettings = {
				ALWAYS_SEARCH_USER_PATHS = NO;
				CLANG_ANALYZER_NONNULL = YES;
				CLANG_ANALYZER_NUMBER_OBJECT_CONVERSION = YES_AGGRESSIVE;
				CLANG_CXX_LANGUAGE_STANDARD = "gnu++20";
				CLANG_ENABLE_MODULES = YES;
				CLANG_ENABLE_OBJC_ARC = YES;
				CLANG_ENABLE_OBJC_WEAK = YES;
				CLANG_WARN_BLOCK_CAPTURE_AUTORELEASING = YES;
				CLANG_WARN_BOOL_CONVERSION = YES;
				CLANG_WARN_COMMA = YES;
				CLANG_WARN_CONSTANT_CONVERSION = YES;
				CLANG_WARN_DEPRECATED_OBJC_IMPLEMENTATIONS = YES;
				CLANG_WARN_DIRECT_OBJC_ISA_USAGE = YES_ERROR;
				CLANG_WARN_DOCUMENTATION_COMMENTS = YES;
				CLANG_WARN_EMPTY_BODY = YES;
				CLANG_WARN_ENUM_CONVERSION = YES;
				CLANG_WARN_INFINITE_RECURSION = YES;
				CLANG_WARN_INT_CONVERSION = YES;
				CLANG_WARN_NON_LITERAL_NULL_CONVERSION = YES;
				CLANG_WARN_OBJC_IMPLICIT_RETAIN_SELF = YES;
				CLANG_WARN_OBJC_LITERAL_CONVERSION = YES;
				CLANG_WARN_OBJC_ROOT_CLASS = YES_ERROR;
				CLANG_WARN_QUOTED_INCLUDE_IN_FRAMEWORK_HEADER = YES;
				CLANG_WARN_RANGE_LOOP_ANALYSIS = YES;
				CLANG_WARN_STRICT_PROTOTYPES = YES;
				CLANG_WARN_SUSPICIOUS_MOVE = YES;
				CLANG_WARN_UNGUARDED_AVAILABILITY = YES_AGGRESSIVE;
				CLANG_WARN_UNREACHABLE_CODE = YES;
				CLANG_WARN__DUPLICATE_METHOD_MATCH = YES;
				COPY_PHASE_STRIP = NO;
				DEBUG_INFORMATION_FORMAT = "dwarf-with-dsym";
				ENABLE_NS_ASSERTIONS = NO;
				ENABLE_STRICT_OBJC_MSGSEND = YES;
				GCC_C_LANGUAGE_STANDARD = gnu11;
				GCC_NO_COMMON_BLOCKS = YES;
				GCC_WARN_64_TO_32_BIT_CONVERSION = YES;
				GCC_WARN_ABOUT_RETURN_TYPE = YES_ERROR;
				GCC_WARN_UNDECLARED_SELECTOR = YES;
				GCC_WARN_UNINITIALIZED_AUTOS = YES_AGGRESSIVE;
				GCC_WARN_UNUSED_FUNCTION = YES;
				GCC_WARN_UNUSED_VARIABLE = YES;
				MTL_ENABLE_DEBUG_INFO = NO;
				MTL_FAST_MATH = YES;
				SWIFT_COMPILATION_MODE = wholemodule;
				SWIFT_OPTIMIZATION_LEVEL = "-O";
			};
			name = Release;
		};
		7244D08229A5522F007EEC49 /* Debug */ = {
			isa = XCBuildConfiguration;
			buildSettings = {
				ASSETCATALOG_COMPILER_APPICON_NAME = AppIcon;
				ASSETCATALOG_COMPILER_GLOBAL_ACCENT_COLOR_NAME = AccentColor;
				CODE_SIGN_ENTITLEMENTS = Recipes/Recipes.entitlements;
				CODE_SIGN_STYLE = Automatic;
				CURRENT_PROJECT_VERSION = 1;
				DEVELOPMENT_ASSET_PATHS = "\"Recipes/Preview Content\"";
				ENABLE_PREVIEWS = YES;
				GENERATE_INFOPLIST_FILE = YES;
				"INFOPLIST_KEY_UIApplicationSceneManifest_Generation[sdk=iphoneos*]" = YES;
				"INFOPLIST_KEY_UIApplicationSceneManifest_Generation[sdk=iphonesimulator*]" = YES;
				"INFOPLIST_KEY_UIApplicationSupportsIndirectInputEvents[sdk=iphoneos*]" = YES;
				"INFOPLIST_KEY_UIApplicationSupportsIndirectInputEvents[sdk=iphonesimulator*]" = YES;
				"INFOPLIST_KEY_UILaunchScreen_Generation[sdk=iphoneos*]" = YES;
				"INFOPLIST_KEY_UILaunchScreen_Generation[sdk=iphonesimulator*]" = YES;
				"INFOPLIST_KEY_UIStatusBarStyle[sdk=iphoneos*]" = UIStatusBarStyleDefault;
				"INFOPLIST_KEY_UIStatusBarStyle[sdk=iphonesimulator*]" = UIStatusBarStyleDefault;
				INFOPLIST_KEY_UISupportedInterfaceOrientations_iPad = "UIInterfaceOrientationPortrait UIInterfaceOrientationPortraitUpsideDown UIInterfaceOrientationLandscapeLeft UIInterfaceOrientationLandscapeRight";
				INFOPLIST_KEY_UISupportedInterfaceOrientations_iPhone = "UIInterfaceOrientationPortrait UIInterfaceOrientationLandscapeLeft UIInterfaceOrientationLandscapeRight";
				IPHONEOS_DEPLOYMENT_TARGET = 16.2;
				LD_RUNPATH_SEARCH_PATHS = "@executable_path/Frameworks";
				"LD_RUNPATH_SEARCH_PATHS[sdk=macosx*]" = "@executable_path/../Frameworks";
				MACOSX_DEPLOYMENT_TARGET = 13.1;
				MARKETING_VERSION = 1.0;
				PRODUCT_BUNDLE_IDENTIFIER = ab.Recipes;
				PRODUCT_NAME = "$(TARGET_NAME)";
				SDKROOT = auto;
				SUPPORTED_PLATFORMS = "iphoneos iphonesimulator macosx";
				SWIFT_EMIT_LOC_STRINGS = YES;
				SWIFT_VERSION = 5.0;
				TARGETED_DEVICE_FAMILY = "1,2";
			};
			name = Debug;
		};
		7244D08329A5522F007EEC49 /* Release */ = {
			isa = XCBuildConfiguration;
			buildSettings = {
				ASSETCATALOG_COMPILER_APPICON_NAME = AppIcon;
				ASSETCATALOG_COMPILER_GLOBAL_ACCENT_COLOR_NAME = AccentColor;
				CODE_SIGN_ENTITLEMENTS = Recipes/Recipes.entitlements;
				CODE_SIGN_STYLE = Automatic;
				CURRENT_PROJECT_VERSION = 1;
				DEVELOPMENT_ASSET_PATHS = "\"Recipes/Preview Content\"";
				ENABLE_PREVIEWS = YES;
				GENERATE_INFOPLIST_FILE = YES;
				"INFOPLIST_KEY_UIApplicationSceneManifest_Generation[sdk=iphoneos*]" = YES;
				"INFOPLIST_KEY_UIApplicationSceneManifest_Generation[sdk=iphonesimulator*]" = YES;
				"INFOPLIST_KEY_UIApplicationSupportsIndirectInputEvents[sdk=iphoneos*]" = YES;
				"INFOPLIST_KEY_UIApplicationSupportsIndirectInputEvents[sdk=iphonesimulator*]" = YES;
				"INFOPLIST_KEY_UILaunchScreen_Generation[sdk=iphoneos*]" = YES;
				"INFOPLIST_KEY_UILaunchScreen_Generation[sdk=iphonesimulator*]" = YES;
				"INFOPLIST_KEY_UIStatusBarStyle[sdk=iphoneos*]" = UIStatusBarStyleDefault;
				"INFOPLIST_KEY_UIStatusBarStyle[sdk=iphonesimulator*]" = UIStatusBarStyleDefault;
				INFOPLIST_KEY_UISupportedInterfaceOrientations_iPad = "UIInterfaceOrientationPortrait UIInterfaceOrientationPortraitUpsideDown UIInterfaceOrientationLandscapeLeft UIInterfaceOrientationLandscapeRight";
				INFOPLIST_KEY_UISupportedInterfaceOrientations_iPhone = "UIInterfaceOrientationPortrait UIInterfaceOrientationLandscapeLeft UIInterfaceOrientationLandscapeRight";
				IPHONEOS_DEPLOYMENT_TARGET = 16.2;
				LD_RUNPATH_SEARCH_PATHS = "@executable_path/Frameworks";
				"LD_RUNPATH_SEARCH_PATHS[sdk=macosx*]" = "@executable_path/../Frameworks";
				MACOSX_DEPLOYMENT_TARGET = 13.1;
				MARKETING_VERSION = 1.0;
				PRODUCT_BUNDLE_IDENTIFIER = ab.Recipes;
				PRODUCT_NAME = "$(TARGET_NAME)";
				SDKROOT = auto;
				SUPPORTED_PLATFORMS = "iphoneos iphonesimulator macosx";
				SWIFT_EMIT_LOC_STRINGS = YES;
				SWIFT_VERSION = 5.0;
				TARGETED_DEVICE_FAMILY = "1,2";
			};
			name = Release;
		};
		7244D08529A5522F007EEC49 /* Debug */ = {
			isa = XCBuildConfiguration;
			buildSettings = {
				ALWAYS_EMBED_SWIFT_STANDARD_LIBRARIES = YES;
				BUNDLE_LOADER = "$(TEST_HOST)";
				CODE_SIGN_STYLE = Automatic;
				CURRENT_PROJECT_VERSION = 1;
				GENERATE_INFOPLIST_FILE = YES;
				IPHONEOS_DEPLOYMENT_TARGET = 16.2;
				MACOSX_DEPLOYMENT_TARGET = 13.1;
				MARKETING_VERSION = 1.0;
				PRODUCT_BUNDLE_IDENTIFIER = ab.RecipesTests;
				PRODUCT_NAME = "$(TARGET_NAME)";
				SDKROOT = auto;
				SUPPORTED_PLATFORMS = "iphoneos iphonesimulator macosx";
				SWIFT_EMIT_LOC_STRINGS = NO;
				SWIFT_VERSION = 5.0;
				TARGETED_DEVICE_FAMILY = "1,2";
				TEST_HOST = "$(BUILT_PRODUCTS_DIR)/Recipes.app/$(BUNDLE_EXECUTABLE_FOLDER_PATH)/Recipes";
			};
			name = Debug;
		};
		7244D08629A5522F007EEC49 /* Release */ = {
			isa = XCBuildConfiguration;
			buildSettings = {
				ALWAYS_EMBED_SWIFT_STANDARD_LIBRARIES = YES;
				BUNDLE_LOADER = "$(TEST_HOST)";
				CODE_SIGN_STYLE = Automatic;
				CURRENT_PROJECT_VERSION = 1;
				GENERATE_INFOPLIST_FILE = YES;
				IPHONEOS_DEPLOYMENT_TARGET = 16.2;
				MACOSX_DEPLOYMENT_TARGET = 13.1;
				MARKETING_VERSION = 1.0;
				PRODUCT_BUNDLE_IDENTIFIER = ab.RecipesTests;
				PRODUCT_NAME = "$(TARGET_NAME)";
				SDKROOT = auto;
				SUPPORTED_PLATFORMS = "iphoneos iphonesimulator macosx";
				SWIFT_EMIT_LOC_STRINGS = NO;
				SWIFT_VERSION = 5.0;
				TARGETED_DEVICE_FAMILY = "1,2";
				TEST_HOST = "$(BUILT_PRODUCTS_DIR)/Recipes.app/$(BUNDLE_EXECUTABLE_FOLDER_PATH)/Recipes";
			};
			name = Release;
		};
		7244D08829A5522F007EEC49 /* Debug */ = {
			isa = XCBuildConfiguration;
			buildSettings = {
				ALWAYS_EMBED_SWIFT_STANDARD_LIBRARIES = YES;
				CODE_SIGN_STYLE = Automatic;
				CURRENT_PROJECT_VERSION = 1;
				GENERATE_INFOPLIST_FILE = YES;
				IPHONEOS_DEPLOYMENT_TARGET = 16.2;
				MACOSX_DEPLOYMENT_TARGET = 13.1;
				MARKETING_VERSION = 1.0;
				PRODUCT_BUNDLE_IDENTIFIER = ab.RecipesUITests;
				PRODUCT_NAME = "$(TARGET_NAME)";
				SDKROOT = auto;
				SUPPORTED_PLATFORMS = "iphoneos iphonesimulator macosx";
				SWIFT_EMIT_LOC_STRINGS = NO;
				SWIFT_VERSION = 5.0;
				TARGETED_DEVICE_FAMILY = "1,2";
				TEST_TARGET_NAME = Recipes;
			};
			name = Debug;
		};
		7244D08929A5522F007EEC49 /* Release */ = {
			isa = XCBuildConfiguration;
			buildSettings = {
				ALWAYS_EMBED_SWIFT_STANDARD_LIBRARIES = YES;
				CODE_SIGN_STYLE = Automatic;
				CURRENT_PROJECT_VERSION = 1;
				GENERATE_INFOPLIST_FILE = YES;
				IPHONEOS_DEPLOYMENT_TARGET = 16.2;
				MACOSX_DEPLOYMENT_TARGET = 13.1;
				MARKETING_VERSION = 1.0;
				PRODUCT_BUNDLE_IDENTIFIER = ab.RecipesUITests;
				PRODUCT_NAME = "$(TARGET_NAME)";
				SDKROOT = auto;
				SUPPORTED_PLATFORMS = "iphoneos iphonesimulator macosx";
				SWIFT_EMIT_LOC_STRINGS = NO;
				SWIFT_VERSION = 5.0;
				TARGETED_DEVICE_FAMILY = "1,2";
				TEST_TARGET_NAME = Recipes;
			};
			name = Release;
		};
/* End XCBuildConfiguration section */

/* Begin XCConfigurationList section */
		7244D05729A5522F007EEC49 /* Build configuration list for PBXProject "Recipes" */ = {
			isa = XCConfigurationList;
			buildConfigurations = (
				7244D07F29A5522F007EEC49 /* Debug */,
				7244D08029A5522F007EEC49 /* Release */,
			);
			defaultConfigurationIsVisible = 0;
			defaultConfigurationName = Release;
		};
		7244D08129A5522F007EEC49 /* Build configuration list for PBXNativeTarget "Recipes" */ = {
			isa = XCConfigurationList;
			buildConfigurations = (
				7244D08229A5522F007EEC49 /* Debug */,
				7244D08329A5522F007EEC49 /* Release */,
			);
			defaultConfigurationIsVisible = 0;
			defaultConfigurationName = Release;
		};
		7244D08429A5522F007EEC49 /* Build configuration list for PBXNativeTarget "RecipesTests" */ = {
			isa = XCConfigurationList;
			buildConfigurations = (
				7244D08529A5522F007EEC49 /* Debug */,
				7244D08629A5522F007EEC49 /* Release */,
			);
			defaultConfigurationIsVisible = 0;
			defaultConfigurationName = Release;
		};
		7244D08729A5522F007EEC49 /* Build configuration list for PBXNativeTarget "RecipesUITests" */ = {
			isa = XCConfigurationList;
			buildConfigurations = (
				7244D08829A5522F007EEC49 /* Debug */,
				7244D08929A5522F007EEC49 /* Release */,
			);
			defaultConfigurationIsVisible = 0;
			defaultConfigurationName = Release;
		};
/* End XCConfigurationList section */
	};
	rootObject = 7244D05429A5522F007EEC49 /* Project object */;
}
